
Microsoft Visual Studio Solution File, Format Version 12.00
# Visual Studio Version 17
VisualStudioVersion = 17.5.33414.496
MinimumVisualStudioVersion = 10.0.40219.1
Project("{FAE04EC0-301F-11D3-BF4B-00C04F79EFBC}") = "100323_NBUY_2", "100323_NBUY_2\100323_NBUY_2.csproj", "{92D9C9D6-D1F4-4D55-8007-878A52059536}"
EndProject
Global
	GlobalSection(SolutionConfigurationPlatforms) = preSolution
		Debug|Any CPU = Debug|Any CPU
		Release|Any CPU = Release|Any CPU
	EndGlobalSection
	GlobalSection(ProjectConfigurationPlatforms) = postSolution
		{92D9C9D6-D1F4-4D55-8007-878A52059536}.Debug|Any CPU.ActiveCfg = Debug|Any CPU
		{92D9C9D6-D1F4-4D55-8007-878A52059536}.Debug|Any CPU.Build.0 = Debug|Any CPU
		{92D9C9D6-D1F4-4D55-8007-878A52059536}.Release|Any CPU.ActiveCfg = Release|Any CPU
		{92D9C9D6-D1F4-4D55-8007-878A52059536}.Release|Any CPU.Build.0 = Release|Any CPU
	EndGlobalSection
	GlobalSection(SolutionProperties) = preSolution
		HideSolutionNode = FALSE
	EndGlobalSection
	GlobalSection(ExtensibilityGlobals) = postSolution
		SolutionGuid = {B89BF7B6-6506-4D80-8CCD-42A84A72BCA0}
	EndGlobalSection
EndGlobal
